// !$*UTF8*$!
{
	archiveVersion = 1;
	classes = {
	};
	objectVersion = 56;
	objects = {

/* Begin PBXBuildFile section */
		21699CD62A52F600001C3593 /* SwiftUI_NavigationLinkBundleApp.swift in Sources */ = {isa = PBXBuildFile; fileRef = 21699CD52A52F600001C3593 /* SwiftUI_NavigationLinkBundleApp.swift */; };
		21699CD82A52F600001C3593 /* ContentView.swift in Sources */ = {isa = PBXBuildFile; fileRef = 21699CD72A52F600001C3593 /* ContentView.swift */; };
		21699CDA2A52F602001C3593 /* Assets.xcassets in Resources */ = {isa = PBXBuildFile; fileRef = 21699CD92A52F602001C3593 /* Assets.xcassets */; };
		21699CDD2A52F602001C3593 /* Preview Assets.xcassets in Resources */ = {isa = PBXBuildFile; fileRef = 21699CDC2A52F602001C3593 /* Preview Assets.xcassets */; };
		21699CFE2A52F7E8001C3593 /* AppRootNavigationBundle.swift in Sources */ = {isa = PBXBuildFile; fileRef = 21699CFD2A52F7E8001C3593 /* AppRootNavigationBundle.swift */; };
		21699D002A52F9E6001C3593 /* ButtonStyles.swift in Sources */ = {isa = PBXBuildFile; fileRef = 21699CFF2A52F9E6001C3593 /* ButtonStyles.swift */; };
		21699D022A52FA8E001C3593 /* View+any.swift in Sources */ = {isa = PBXBuildFile; fileRef = 21699D012A52FA8E001C3593 /* View+any.swift */; };
/* End PBXBuildFile section */

/* Begin PBXFileReference section */
		21699CD22A52F5FF001C3593 /* SwiftUI-NavigationLinkBundle.app */ = {isa = PBXFileReference; explicitFileType = wrapper.application; includeInIndex = 0; path = "SwiftUI-NavigationLinkBundle.app"; sourceTree = BUILT_PRODUCTS_DIR; };
		21699CD52A52F600001C3593 /* SwiftUI_NavigationLinkBundleApp.swift */ = {isa = PBXFileReference; lastKnownFileType = sourcecode.swift; path = SwiftUI_NavigationLinkBundleApp.swift; sourceTree = "<group>"; };
		21699CD72A52F600001C3593 /* ContentView.swift */ = {isa = PBXFileReference; lastKnownFileType = sourcecode.swift; path = ContentView.swift; sourceTree = "<group>"; };
		21699CD92A52F602001C3593 /* Assets.xcassets */ = {isa = PBXFileReference; lastKnownFileType = folder.assetcatalog; path = Assets.xcassets; sourceTree = "<group>"; };
		21699CDC2A52F602001C3593 /* Preview Assets.xcassets */ = {isa = PBXFileReference; lastKnownFileType = folder.assetcatalog; path = "Preview Assets.xcassets"; sourceTree = "<group>"; };
		21699CFD2A52F7E8001C3593 /* AppRootNavigationBundle.swift */ = {isa = PBXFileReference; lastKnownFileType = sourcecode.swift; path = AppRootNavigationBundle.swift; sourceTree = "<group>"; };
		21699CFF2A52F9E6001C3593 /* ButtonStyles.swift */ = {isa = PBXFileReference; lastKnownFileType = sourcecode.swift; path = ButtonStyles.swift; sourceTree = "<group>"; };
		21699D012A52FA8E001C3593 /* View+any.swift */ = {isa = PBXFileReference; lastKnownFileType = sourcecode.swift; path = "View+any.swift"; sourceTree = "<group>"; };
/* End PBXFileReference section */

/* Begin PBXFrameworksBuildPhase section */
		21699CCF2A52F5FF001C3593 /* Frameworks */ = {
			isa = PBXFrameworksBuildPhase;
			buildActionMask = 2147483647;
			files = (
			);
			runOnlyForDeploymentPostprocessing = 0;
		};
/* End PBXFrameworksBuildPhase section */

/* Begin PBXGroup section */
		21699CC92A52F5FF001C3593 = {
			isa = PBXGroup;
			children = (
				21699CD42A52F5FF001C3593 /* SwiftUI-NavigationLinkBundle */,
				21699CD32A52F5FF001C3593 /* Products */,
			);
			sourceTree = "<group>";
		};
		21699CD32A52F5FF001C3593 /* Products */ = {
			isa = PBXGroup;
			children = (
				21699CD22A52F5FF001C3593 /* SwiftUI-NavigationLinkBundle.app */,
			);
			name = Products;
			sourceTree = "<group>";
		};
		21699CD42A52F5FF001C3593 /* SwiftUI-NavigationLinkBundle */ = {
			isa = PBXGroup;
			children = (
				21699CFF2A52F9E6001C3593 /* ButtonStyles.swift */,
				21699D012A52FA8E001C3593 /* View+any.swift */,
				21699CFD2A52F7E8001C3593 /* AppRootNavigationBundle.swift */,
				21699CD52A52F600001C3593 /* SwiftUI_NavigationLinkBundleApp.swift */,
				21699CD72A52F600001C3593 /* ContentView.swift */,
				21699CD92A52F602001C3593 /* Assets.xcassets */,
				21699CDB2A52F602001C3593 /* Preview Content */,
			);
			path = "SwiftUI-NavigationLinkBundle";
			sourceTree = "<group>";
		};
		21699CDB2A52F602001C3593 /* Preview Content */ = {
			isa = PBXGroup;
			children = (
				21699CDC2A52F602001C3593 /* Preview Assets.xcassets */,
			);
			path = "Preview Content";
			sourceTree = "<group>";
		};
/* End PBXGroup section */

/* Begin PBXNativeTarget section */
		21699CD12A52F5FF001C3593 /* SwiftUI-NavigationLinkBundle */ = {
			isa = PBXNativeTarget;
			buildConfigurationList = 21699CE02A52F602001C3593 /* Build configuration list for PBXNativeTarget "SwiftUI-NavigationLinkBundle" */;
			buildPhases = (
				21699CCE2A52F5FF001C3593 /* Sources */,
				21699CCF2A52F5FF001C3593 /* Frameworks */,
				21699CD02A52F5FF001C3593 /* Resources */,
			);
			buildRules = (
			);
			dependencies = (
			);
			name = "SwiftUI-NavigationLinkBundle";
			productName = "SwiftUI-NavigationLinkBundle";
			productReference = 21699CD22A52F5FF001C3593 /* SwiftUI-NavigationLinkBundle.app */;
			productType = "com.apple.product-type.application";
		};
/* End PBXNativeTarget section */

/* Begin PBXProject section */
		21699CCA2A52F5FF001C3593 /* Project object */ = {
			isa = PBXProject;
			attributes = {
				BuildIndependentTargetsInParallel = 1;
				LastSwiftUpdateCheck = 1420;
				LastUpgradeCheck = 1420;
				TargetAttributes = {
					21699CD12A52F5FF001C3593 = {
						CreatedOnToolsVersion = 14.2;
					};
				};
			};
			buildConfigurationList = 21699CCD2A52F5FF001C3593 /* Build configuration list for PBXProject "SwiftUI-NavigationLinkBundle" */;
			compatibilityVersion = "Xcode 14.0";
			developmentRegion = en;
			hasScannedForEncodings = 0;
			knownRegions = (
				en,
				Base,
			);
			mainGroup = 21699CC92A52F5FF001C3593;
			productRefGroup = 21699CD32A52F5FF001C3593 /* Products */;
			projectDirPath = "";
			projectRoot = "";
			targets = (
				21699CD12A52F5FF001C3593 /* SwiftUI-NavigationLinkBundle */,
			);
		};
/* End PBXProject section */

/* Begin PBXResourcesBuildPhase section */
		21699CD02A52F5FF001C3593 /* Resources */ = {
			isa = PBXResourcesBuildPhase;
			buildActionMask = 2147483647;
			files = (
				21699CDD2A52F602001C3593 /* Preview Assets.xcassets in Resources */,
				21699CDA2A52F602001C3593 /* Assets.xcassets in Resources */,
			);
			runOnlyForDeploymentPostprocessing = 0;
		};
/* End PBXResourcesBuildPhase section */

/* Begin PBXSourcesBuildPhase section */
		21699CCE2A52F5FF001C3593 /* Sources */ = {
			isa = PBXSourcesBuildPhase;
			buildActionMask = 2147483647;
			files = (
				21699CD82A52F600001C3593 /* ContentView.swift in Sources */,
				21699D002A52F9E6001C3593 /* ButtonStyles.swift in Sources */,
				21699CFE2A52F7E8001C3593 /* AppRootNavigationBundle.swift in Sources */,
				21699D022A52FA8E001C3593 /* View+any.swift in Sources */,
				21699CD62A52F600001C3593 /* SwiftUI_NavigationLinkBundleApp.swift in Sources */,
			);
			runOnlyForDeploymentPostprocessing = 0;
		};
/* End PBXSourcesBuildPhase section */

/* Begin XCBuildConfiguration section */
		21699CDE2A52F602001C3593 /* Debug */ = {
			isa = XCBuildConfiguration;
			buildSettings = {
				ALWAYS_SEARCH_USER_PATHS = NO;
				CLANG_ANALYZER_NONNULL = YES;
				CLANG_ANALYZER_NUMBER_OBJECT_CONVERSION = YES_AGGRESSIVE;
				CLANG_CXX_LANGUAGE_STANDARD = "gnu++20";
				CLANG_ENABLE_MODULES = YES;
				CLANG_ENABLE_OBJC_ARC = YES;
				CLANG_ENABLE_OBJC_WEAK = YES;
				CLANG_WARN_BLOCK_CAPTURE_AUTORELEASING = YES;
				CLANG_WARN_BOOL_CONVERSION = YES;
				CLANG_WARN_COMMA = YES;
				CLANG_WARN_CONSTANT_CONVERSION = YES;
				CLANG_WARN_DEPRECATED_OBJC_IMPLEMENTATIONS = YES;
				CLANG_WARN_DIRECT_OBJC_ISA_USAGE = YES_ERROR;
				CLANG_WARN_DOCUMENTATION_COMMENTS = YES;
				CLANG_WARN_EMPTY_BODY = YES;
				CLANG_WARN_ENUM_CONVERSION = YES;
				CLANG_WARN_INFINITE_RECURSION = YES;
				CLANG_WARN_INT_CONVERSION = YES;
				CLANG_WARN_NON_LITERAL_NULL_CONVERSION = YES;
				CLANG_WARN_OBJC_IMPLICIT_RETAIN_SELF = YES;
				CLANG_WARN_OBJC_LITERAL_CONVERSION = YES;
				CLANG_WARN_OBJC_ROOT_CLASS = YES_ERROR;
				CLANG_WARN_QUOTED_INCLUDE_IN_FRAMEWORK_HEADER = YES;
				CLANG_WARN_RANGE_LOOP_ANALYSIS = YES;
				CLANG_WARN_STRICT_PROTOTYPES = YES;
				CLANG_WARN_SUSPICIOUS_MOVE = YES;
				CLANG_WARN_UNGUARDED_AVAILABILITY = YES_AGGRESSIVE;
				CLANG_WARN_UNREACHABLE_CODE = YES;
				CLANG_WARN__DUPLICATE_METHOD_MATCH = YES;
				COPY_PHASE_STRIP = NO;
				DEBUG_INFORMATION_FORMAT = dwarf;
				ENABLE_STRICT_OBJC_MSGSEND = YES;
				ENABLE_TESTABILITY = YES;
				GCC_C_LANGUAGE_STANDARD = gnu11;
				GCC_DYNAMIC_NO_PIC = NO;
				GCC_NO_COMMON_BLOCKS = YES;
				GCC_OPTIMIZATION_LEVEL = 0;
				GCC_PREPROCESSOR_DEFINITIONS = (
					"DEBUG=1",
					"$(inherited)",
				);
				GCC_WARN_64_TO_32_BIT_CONVERSION = YES;
				GCC_WARN_ABOUT_RETURN_TYPE = YES_ERROR;
				GCC_WARN_UNDECLARED_SELECTOR = YES;
				GCC_WARN_UNINITIALIZED_AUTOS = YES_AGGRESSIVE;
				GCC_WARN_UNUSED_FUNCTION = YES;
				GCC_WARN_UNUSED_VARIABLE = YES;
				IPHONEOS_DEPLOYMENT_TARGET = 16.2;
				MTL_ENABLE_DEBUG_INFO = INCLUDE_SOURCE;
				MTL_FAST_MATH = YES;
				ONLY_ACTIVE_ARCH = YES;
				SDKROOT = iphoneos;
				SWIFT_ACTIVE_COMPILATION_CONDITIONS = DEBUG;
				SWIFT_OPTIMIZATION_LEVEL = "-Onone";
			};
			name = Debug;
		};
		21699CDF2A52F602001C3593 /* Release */ = {
			isa = XCBuildConfiguration;
			buildSettings = {
				ALWAYS_SEARCH_USER_PATHS = NO;
				CLANG_ANALYZER_NONNULL = YES;
				CLANG_ANALYZER_NUMBER_OBJECT_CONVERSION = YES_AGGRESSIVE;
				CLANG_CXX_LANGUAGE_STANDARD = "gnu++20";
				CLANG_ENABLE_MODULES = YES;
				CLANG_ENABLE_OBJC_ARC = YES;
				CLANG_ENABLE_OBJC_WEAK = YES;
				CLANG_WARN_BLOCK_CAPTURE_AUTORELEASING = YES;
				CLANG_WARN_BOOL_CONVERSION = YES;
				CLANG_WARN_COMMA = YES;
				CLANG_WARN_CONSTANT_CONVERSION = YES;
				CLANG_WARN_DEPRECATED_OBJC_IMPLEMENTATIONS = YES;
				CLANG_WARN_DIRECT_OBJC_ISA_USAGE = YES_ERROR;
				CLANG_WARN_DOCUMENTATION_COMMENTS = YES;
				CLANG_WARN_EMPTY_BODY = YES;
				CLANG_WARN_ENUM_CONVERSION = YES;
				CLANG_WARN_INFINITE_RECURSION = YES;
				CLANG_WARN_INT_CONVERSION = YES;
				CLANG_WARN_NON_LITERAL_NULL_CONVERSION = YES;
				CLANG_WARN_OBJC_IMPLICIT_RETAIN_SELF = YES;
				CLANG_WARN_OBJC_LITERAL_CONVERSION = YES;
				CLANG_WARN_OBJC_ROOT_CLASS = YES_ERROR;
				CLANG_WARN_QUOTED_INCLUDE_IN_FRAMEWORK_HEADER = YES;
				CLANG_WARN_RANGE_LOOP_ANALYSIS = YES;
				CLANG_WARN_STRICT_PROTOTYPES = YES;
				CLANG_WARN_SUSPICIOUS_MOVE = YES;
				CLANG_WARN_UNGUARDED_AVAILABILITY = YES_AGGRESSIVE;
				CLANG_WARN_UNREACHABLE_CODE = YES;
				CLANG_WARN__DUPLICATE_METHOD_MATCH = YES;
				COPY_PHASE_STRIP = NO;
				DEBUG_INFORMATION_FORMAT = "dwarf-with-dsym";
				ENABLE_NS_ASSERTIONS = NO;
				ENABLE_STRICT_OBJC_MSGSEND = YES;
				GCC_C_LANGUAGE_STANDARD = gnu11;
				GCC_NO_COMMON_BLOCKS = YES;
				GCC_WARN_64_TO_32_BIT_CONVERSION = YES;
				GCC_WARN_ABOUT_RETURN_TYPE = YES_ERROR;
				GCC_WARN_UNDECLARED_SELECTOR = YES;
				GCC_WARN_UNINITIALIZED_AUTOS = YES_AGGRESSIVE;
				GCC_WARN_UNUSED_FUNCTION = YES;
				GCC_WARN_UNUSED_VARIABLE = YES;
				IPHONEOS_DEPLOYMENT_TARGET = 16.2;
				MTL_ENABLE_DEBUG_INFO = NO;
				MTL_FAST_MATH = YES;
				SDKROOT = iphoneos;
				SWIFT_COMPILATION_MODE = wholemodule;
				SWIFT_OPTIMIZATION_LEVEL = "-O";
				VALIDATE_PRODUCT = YES;
			};
			name = Release;
		};
		21699CE12A52F602001C3593 /* Debug */ = {
			isa = XCBuildConfiguration;
			buildSettings = {
				ASSETCATALOG_COMPILER_APPICON_NAME = AppIcon;
				ASSETCATALOG_COMPILER_GLOBAL_ACCENT_COLOR_NAME = AccentColor;
				CODE_SIGN_STYLE = Automatic;
				CURRENT_PROJECT_VERSION = 1;
				DEVELOPMENT_ASSET_PATHS = "\"SwiftUI-NavigationLinkBundle/Preview Content\"";
				DEVELOPMENT_TEAM = LWDY88PP84;
				ENABLE_PREVIEWS = YES;
				GENERATE_INFOPLIST_FILE = YES;
				INFOPLIST_KEY_UIApplicationSceneManifest_Generation = YES;
				INFOPLIST_KEY_UIApplicationSupportsIndirectInputEvents = YES;
				INFOPLIST_KEY_UILaunchScreen_Generation = YES;
				INFOPLIST_KEY_UISupportedInterfaceOrientations_iPad = "UIInterfaceOrientationPortrait UIInterfaceOrientationPortraitUpsideDown UIInterfaceOrientationLandscapeLeft UIInterfaceOrientationLandscapeRight";
				INFOPLIST_KEY_UISupportedInterfaceOrientations_iPhone = "UIInterfaceOrientationPortrait UIInterfaceOrientationLandscapeLeft UIInterfaceOrientationLandscapeRight";
				LD_RUNPATH_SEARCH_PATHS = (
					"$(inherited)",
					"@executable_path/Frameworks",
				);
				MARKETING_VERSION = 1.0;
				PRODUCT_BUNDLE_IDENTIFIER = "com.vp.navigationlinkbundle.sample.SwiftUI-NavigationLinkBundle";
				PRODUCT_NAME = "$(TARGET_NAME)";
				SWIFT_EMIT_LOC_STRINGS = YES;
				SWIFT_VERSION = 5.0;
				TARGETED_DEVICE_FAMILY = "1,2";
			};
			name = Debug;
		};
		21699CE22A52F602001C3593 /* Release */ = {
			isa = XCBuildConfiguration;
			buildSettings = {
				ASSETCATALOG_COMPILER_APPICON_NAME = AppIcon;
				ASSETCATALOG_COMPILER_GLOBAL_ACCENT_COLOR_NAME = AccentColor;
				CODE_SIGN_STYLE = Automatic;
				CURRENT_PROJECT_VERSION = 1;
				DEVELOPMENT_ASSET_PATHS = "\"SwiftUI-NavigationLinkBundle/Preview Content\"";
				DEVELOPMENT_TEAM = LWDY88PP84;
				ENABLE_PREVIEWS = YES;
				GENERATE_INFOPLIST_FILE = YES;
				INFOPLIST_KEY_UIApplicationSceneManifest_Generation = YES;
				INFOPLIST_KEY_UIApplicationSupportsIndirectInputEvents = YES;
				INFOPLIST_KEY_UILaunchScreen_Generation = YES;
				INFOPLIST_KEY_UISupportedInterfaceOrientations_iPad = "UIInterfaceOrientationPortrait UIInterfaceOrientationPortraitUpsideDown UIInterfaceOrientationLandscapeLeft UIInterfaceOrientationLandscapeRight";
				INFOPLIST_KEY_UISupportedInterfaceOrientations_iPhone = "UIInterfaceOrientationPortrait UIInterfaceOrientationLandscapeLeft UIInterfaceOrientationLandscapeRight";
				LD_RUNPATH_SEARCH_PATHS = (
					"$(inherited)",
					"@executable_path/Frameworks",
				);
				MARKETING_VERSION = 1.0;
				PRODUCT_BUNDLE_IDENTIFIER = "com.vp.navigationlinkbundle.sample.SwiftUI-NavigationLinkBundle";
				PRODUCT_NAME = "$(TARGET_NAME)";
				SWIFT_EMIT_LOC_STRINGS = YES;
				SWIFT_VERSION = 5.0;
				TARGETED_DEVICE_FAMILY = "1,2";
			};
			name = Release;
		};
/* End XCBuildConfiguration section */

/* Begin XCConfigurationList section */
		21699CCD2A52F5FF001C3593 /* Build configuration list for PBXProject "SwiftUI-NavigationLinkBundle" */ = {
			isa = XCConfigurationList;
			buildConfigurations = (
				21699CDE2A52F602001C3593 /* Debug */,
				21699CDF2A52F602001C3593 /* Release */,
			);
			defaultConfigurationIsVisible = 0;
			defaultConfigurationName = Release;
		};
		21699CE02A52F602001C3593 /* Build configuration list for PBXNativeTarget "SwiftUI-NavigationLinkBundle" */ = {
			isa = XCConfigurationList;
			buildConfigurations = (
				21699CE12A52F602001C3593 /* Debug */,
				21699CE22A52F602001C3593 /* Release */,
			);
			defaultConfigurationIsVisible = 0;
			defaultConfigurationName = Release;
		};
/* End XCConfigurationList section */
	};
	rootObject = 21699CCA2A52F5FF001C3593 /* Project object */;
}
